dependencies:
- name: traefik
  repository: https://containous.github.io/traefik-helm-chart
  version: 8.9.1
- name: mongodb
  repository: https://charts.bitnami.com/bitnami
  version: 8.2.3
digest: sha256:e1b0a3e36c26db9fba6bed9dcb788a07111576b04236c9d3af9bd654b95d713d
generated: "2020-08-06T20:30:49.164751+02:00"
